// !$*UTF8*$!
{
	archiveVersion = 1;
	classes = {
	};
	objectVersion = 51;
	objects = {

/* Begin PBXBuildFile section */
		BC44F1DC2643C01B00A10DC5 /* NotificationManager.swift in Sources */ = {isa = PBXBuildFile; fileRef = BC44F1DB2643C01B00A10DC5 /* NotificationManager.swift */; };
		BC44F1DE2643C8FC00A10DC5 /* PrivacyViewController.swift in Sources */ = {isa = PBXBuildFile; fileRef = BC44F1DD2643C8FC00A10DC5 /* PrivacyViewController.swift */; };
		BC44F1E12643CCB800A10DC5 /* UIApplication+TopViewController.swift in Sources */ = {isa = PBXBuildFile; fileRef = BC44F1E02643CCB800A10DC5 /* UIApplication+TopViewController.swift */; };
		BC46F3362609C7D2002D1C69 /* StartActions.swift in Sources */ = {isa = PBXBuildFile; fileRef = BC46F3352609C7D2002D1C69 /* StartActions.swift */; };
		BC46F33B2609D34D002D1C69 /* TestRx.swift in Sources */ = {isa = PBXBuildFile; fileRef = BC46F33A2609D34D002D1C69 /* TestRx.swift */; };
		BC46F33E2609D9F3002D1C69 /* RxContentViewController.swift in Sources */ = {isa = PBXBuildFile; fileRef = BC46F33D2609D9F3002D1C69 /* RxContentViewController.swift */; };
		BC46F3412609EC8F002D1C69 /* UILabel+Rx.swift in Sources */ = {isa = PBXBuildFile; fileRef = BC46F3402609EC8F002D1C69 /* UILabel+Rx.swift */; };
		BC687DC226087DED004E31E1 /* MyService.swift in Sources */ = {isa = PBXBuildFile; fileRef = BC687DC126087DED004E31E1 /* MyService.swift */; };
		BC687DC62608828E004E31E1 /* ZhiHuLatestViewController.swift in Sources */ = {isa = PBXBuildFile; fileRef = BC687DC52608828E004E31E1 /* ZhiHuLatestViewController.swift */; };
		BC687DC926088842004E31E1 /* Story.swift in Sources */ = {isa = PBXBuildFile; fileRef = BC687DC826088842004E31E1 /* Story.swift */; };
		BC687DCD2608A1DE004E31E1 /* RxRequest.swift in Sources */ = {isa = PBXBuildFile; fileRef = BC687DCC2608A1DE004E31E1 /* RxRequest.swift */; };
		BCD76E002637DE3100D8272D /* CheckViewController.swift in Sources */ = {isa = PBXBuildFile; fileRef = BCD76DFF2637DE3100D8272D /* CheckViewController.swift */; };
		BCD76E022637DEFC00D8272D /* Pods_SwiftList.framework in Frameworks */ = {isa = PBXBuildFile; fileRef = CAD0A6F23B8B31ED14020E76 /* Pods_SwiftList.framework */; };
		BCD76E0F2637EB1900D8272D /* GCDExample.swift in Sources */ = {isa = PBXBuildFile; fileRef = BCD76E0E2637EB1900D8272D /* GCDExample.swift */; };
		BCE1660D2670703B00140125 /* MediumWidgetView.swift in Sources */ = {isa = PBXBuildFile; fileRef = BCE1660B26706FE700140125 /* MediumWidgetView.swift */; };
		BCE1660F2670948800140125 /* LinkItem.swift in Sources */ = {isa = PBXBuildFile; fileRef = BCE1660E2670948800140125 /* LinkItem.swift */; };
		BCE4C63A26451FED00DF511D /* Person.swift in Sources */ = {isa = PBXBuildFile; fileRef = BCE4C63926451FED00DF511D /* Person.swift */; };
		BCF5758E25F661D100281B2C /* AppDelegate.swift in Sources */ = {isa = PBXBuildFile; fileRef = BCF5758D25F661D100281B2C /* AppDelegate.swift */; };
		BCF5759025F661D100281B2C /* SceneDelegate.swift in Sources */ = {isa = PBXBuildFile; fileRef = BCF5758F25F661D100281B2C /* SceneDelegate.swift */; };
		BCF5759225F661D100281B2C /* ViewController.swift in Sources */ = {isa = PBXBuildFile; fileRef = BCF5759125F661D100281B2C /* ViewController.swift */; };
		BCF5759525F661D100281B2C /* Main.storyboard in Resources */ = {isa = PBXBuildFile; fileRef = BCF5759325F661D100281B2C /* Main.storyboard */; };
		BCF5759725F661D200281B2C /* Assets.xcassets in Resources */ = {isa = PBXBuildFile; fileRef = BCF5759625F661D200281B2C /* Assets.xcassets */; };
		BCF5759A25F661D200281B2C /* LaunchScreen.storyboard in Resources */ = {isa = PBXBuildFile; fileRef = BCF5759825F661D200281B2C /* LaunchScreen.storyboard */; };
		BCF575A425F6650E00281B2C /* HomeTableViewController.swift in Sources */ = {isa = PBXBuildFile; fileRef = BCF575A325F6650E00281B2C /* HomeTableViewController.swift */; };
		BCF575A825F66A0D00281B2C /* SoftViewController.swift in Sources */ = {isa = PBXBuildFile; fileRef = BCF575A725F66A0D00281B2C /* SoftViewController.swift */; };
		BCF575AB25F6721F00281B2C /* BaseViewController.swift in Sources */ = {isa = PBXBuildFile; fileRef = BCF575AA25F6721F00281B2C /* BaseViewController.swift */; };
		BCF575AE25F7A7E500281B2C /* DiffableDataSourceViewController.swift in Sources */ = {isa = PBXBuildFile; fileRef = BCF575AD25F7A7E500281B2C /* DiffableDataSourceViewController.swift */; };
		BCF575B225F7A81200281B2C /* sift.json in Resources */ = {isa = PBXBuildFile; fileRef = BCF575B125F7A81200281B2C /* sift.json */; };
		BCF575B625F7A8D800281B2C /* SiftModel.swift in Sources */ = {isa = PBXBuildFile; fileRef = BCF575B525F7A8D800281B2C /* SiftModel.swift */; };
		BCF5760726039B2A00281B2C /* StickyHeaderViewController.swift in Sources */ = {isa = PBXBuildFile; fileRef = BCF5760626039B2A00281B2C /* StickyHeaderViewController.swift */; };
		BCF5760A2603AF4E00281B2C /* ChildListViewController.swift in Sources */ = {isa = PBXBuildFile; fileRef = BCF576092603AF4E00281B2C /* ChildListViewController.swift */; };
		BCF5760E2605A83000281B2C /* StartTime.swift in Sources */ = {isa = PBXBuildFile; fileRef = BCF5760D2605A83000281B2C /* StartTime.swift */; };
		BCF66989260C2E6200B972DE /* LoadingHUD.swift in Sources */ = {isa = PBXBuildFile; fileRef = BCF66988260C2E6200B972DE /* LoadingHUD.swift */; };
		BCF6698D260C8B4700B972DE /* CustomLayerView.swift in Sources */ = {isa = PBXBuildFile; fileRef = BCF6698C260C8B4700B972DE /* CustomLayerView.swift */; };
		BCFC867F264C1E4100DE0AFA /* WidgetKit.framework in Frameworks */ = {isa = PBXBuildFile; fileRef = BCFC867E264C1E4100DE0AFA /* WidgetKit.framework */; };
		BCFC8681264C1E4100DE0AFA /* SwiftUI.framework in Frameworks */ = {isa = PBXBuildFile; fileRef = BCFC8680264C1E4100DE0AFA /* SwiftUI.framework */; };
		BCFC8684264C1E4100DE0AFA /* SwiftListWidget.swift in Sources */ = {isa = PBXBuildFile; fileRef = BCFC8683264C1E4100DE0AFA /* SwiftListWidget.swift */; };
		BCFC8686264C1E4200DE0AFA /* Assets.xcassets in Resources */ = {isa = PBXBuildFile; fileRef = BCFC8685264C1E4200DE0AFA /* Assets.xcassets */; };
		BCFC868A264C1E4200DE0AFA /* SwiftListWidgetExtension.appex in Embed App Extensions */ = {isa = PBXBuildFile; fileRef = BCFC867D264C1E4100DE0AFA /* SwiftListWidgetExtension.appex */; settings = {ATTRIBUTES = (RemoveHeadersOnCopy, ); }; };
/* End PBXBuildFile section */

/* Begin PBXContainerItemProxy section */
		BCFC8688264C1E4200DE0AFA /* PBXContainerItemProxy */ = {
			isa = PBXContainerItemProxy;
			containerPortal = BCF5758225F661D100281B2C /* Project object */;
			proxyType = 1;
			remoteGlobalIDString = BCFC867C264C1E4100DE0AFA;
			remoteInfo = SwiftListWidgetExtension;
		};
/* End PBXContainerItemProxy section */

/* Begin PBXCopyFilesBuildPhase section */
		BCFC868B264C1E4200DE0AFA /* Embed App Extensions */ = {
			isa = PBXCopyFilesBuildPhase;
			buildActionMask = 2147483647;
			dstPath = "";
			dstSubfolderSpec = 13;
			files = (
				BCFC868A264C1E4200DE0AFA /* SwiftListWidgetExtension.appex in Embed App Extensions */,
			);
			name = "Embed App Extensions";
			runOnlyForDeploymentPostprocessing = 0;
		};
/* End PBXCopyFilesBuildPhase section */

/* Begin PBXFileReference section */
		0F823A9D9380856DCDA6AB2A /* Pods-SwiftList.release.xcconfig */ = {isa = PBXFileReference; includeInIndex = 1; lastKnownFileType = text.xcconfig; name = "Pods-SwiftList.release.xcconfig"; path = "Target Support Files/Pods-SwiftList/Pods-SwiftList.release.xcconfig"; sourceTree = "<group>"; };
		BC44F1DB2643C01B00A10DC5 /* NotificationManager.swift */ = {isa = PBXFileReference; lastKnownFileType = sourcecode.swift; path = NotificationManager.swift; sourceTree = "<group>"; };
		BC44F1DD2643C8FC00A10DC5 /* PrivacyViewController.swift */ = {isa = PBXFileReference; lastKnownFileType = sourcecode.swift; path = PrivacyViewController.swift; sourceTree = "<group>"; };
		BC44F1E02643CCB800A10DC5 /* UIApplication+TopViewController.swift */ = {isa = PBXFileReference; lastKnownFileType = sourcecode.swift; path = "UIApplication+TopViewController.swift"; sourceTree = "<group>"; };
		BC46F3352609C7D2002D1C69 /* StartActions.swift */ = {isa = PBXFileReference; lastKnownFileType = sourcecode.swift; path = StartActions.swift; sourceTree = "<group>"; };
		BC46F33A2609D34D002D1C69 /* TestRx.swift */ = {isa = PBXFileReference; lastKnownFileType = sourcecode.swift; path = TestRx.swift; sourceTree = "<group>"; };
		BC46F33D2609D9F3002D1C69 /* RxContentViewController.swift */ = {isa = PBXFileReference; lastKnownFileType = sourcecode.swift; path = RxContentViewController.swift; sourceTree = "<group>"; };
		BC46F3402609EC8F002D1C69 /* UILabel+Rx.swift */ = {isa = PBXFileReference; lastKnownFileType = sourcecode.swift; path = "UILabel+Rx.swift"; sourceTree = "<group>"; };
		BC687DC126087DED004E31E1 /* MyService.swift */ = {isa = PBXFileReference; lastKnownFileType = sourcecode.swift; path = MyService.swift; sourceTree = "<group>"; };
		BC687DC52608828E004E31E1 /* ZhiHuLatestViewController.swift */ = {isa = PBXFileReference; lastKnownFileType = sourcecode.swift; path = ZhiHuLatestViewController.swift; sourceTree = "<group>"; };
		BC687DC826088842004E31E1 /* Story.swift */ = {isa = PBXFileReference; lastKnownFileType = sourcecode.swift; path = Story.swift; sourceTree = "<group>"; };
		BC687DCC2608A1DE004E31E1 /* RxRequest.swift */ = {isa = PBXFileReference; lastKnownFileType = sourcecode.swift; path = RxRequest.swift; sourceTree = "<group>"; };
		BCD76DFF2637DE3100D8272D /* CheckViewController.swift */ = {isa = PBXFileReference; lastKnownFileType = sourcecode.swift; path = CheckViewController.swift; sourceTree = "<group>"; };
		BCD76E0E2637EB1900D8272D /* GCDExample.swift */ = {isa = PBXFileReference; lastKnownFileType = sourcecode.swift; path = GCDExample.swift; sourceTree = "<group>"; };
		BCE1660B26706FE700140125 /* MediumWidgetView.swift */ = {isa = PBXFileReference; lastKnownFileType = sourcecode.swift; path = MediumWidgetView.swift; sourceTree = "<group>"; };
		BCE1660E2670948800140125 /* LinkItem.swift */ = {isa = PBXFileReference; lastKnownFileType = sourcecode.swift; path = LinkItem.swift; sourceTree = "<group>"; };
		BCE4C63926451FED00DF511D /* Person.swift */ = {isa = PBXFileReference; lastKnownFileType = sourcecode.swift; path = Person.swift; sourceTree = "<group>"; };
		BCF5758A25F661D100281B2C /* SwiftList.app */ = {isa = PBXFileReference; explicitFileType = wrapper.application; includeInIndex = 0; path = SwiftList.app; sourceTree = BUILT_PRODUCTS_DIR; };
		BCF5758D25F661D100281B2C /* AppDelegate.swift */ = {isa = PBXFileReference; lastKnownFileType = sourcecode.swift; path = AppDelegate.swift; sourceTree = "<group>"; };
		BCF5758F25F661D100281B2C /* SceneDelegate.swift */ = {isa = PBXFileReference; lastKnownFileType = sourcecode.swift; path = SceneDelegate.swift; sourceTree = "<group>"; };
		BCF5759125F661D100281B2C /* ViewController.swift */ = {isa = PBXFileReference; lastKnownFileType = sourcecode.swift; path = ViewController.swift; sourceTree = "<group>"; };
		BCF5759425F661D100281B2C /* Base */ = {isa = PBXFileReference; lastKnownFileType = file.storyboard; name = Base; path = Base.lproj/Main.storyboard; sourceTree = "<group>"; };
		BCF5759625F661D200281B2C /* Assets.xcassets */ = {isa = PBXFileReference; lastKnownFileType = folder.assetcatalog; path = Assets.xcassets; sourceTree = "<group>"; };
		BCF5759925F661D200281B2C /* Base */ = {isa = PBXFileReference; lastKnownFileType = file.storyboard; name = Base; path = Base.lproj/LaunchScreen.storyboard; sourceTree = "<group>"; };
		BCF5759B25F661D200281B2C /* Info.plist */ = {isa = PBXFileReference; lastKnownFileType = text.plist.xml; path = Info.plist; sourceTree = "<group>"; };
		BCF575A325F6650E00281B2C /* HomeTableViewController.swift */ = {isa = PBXFileReference; lastKnownFileType = sourcecode.swift; path = HomeTableViewController.swift; sourceTree = "<group>"; };
		BCF575A725F66A0D00281B2C /* SoftViewController.swift */ = {isa = PBXFileReference; lastKnownFileType = sourcecode.swift; path = SoftViewController.swift; sourceTree = "<group>"; };
		BCF575AA25F6721F00281B2C /* BaseViewController.swift */ = {isa = PBXFileReference; lastKnownFileType = sourcecode.swift; path = BaseViewController.swift; sourceTree = "<group>"; };
		BCF575AD25F7A7E500281B2C /* DiffableDataSourceViewController.swift */ = {isa = PBXFileReference; lastKnownFileType = sourcecode.swift; path = DiffableDataSourceViewController.swift; sourceTree = "<group>"; };
		BCF575B125F7A81200281B2C /* sift.json */ = {isa = PBXFileReference; fileEncoding = 4; lastKnownFileType = text.json; path = sift.json; sourceTree = "<group>"; };
		BCF575B525F7A8D800281B2C /* SiftModel.swift */ = {isa = PBXFileReference; lastKnownFileType = sourcecode.swift; path = SiftModel.swift; sourceTree = "<group>"; };
		BCF5760626039B2A00281B2C /* StickyHeaderViewController.swift */ = {isa = PBXFileReference; lastKnownFileType = sourcecode.swift; path = StickyHeaderViewController.swift; sourceTree = "<group>"; };
		BCF576092603AF4E00281B2C /* ChildListViewController.swift */ = {isa = PBXFileReference; lastKnownFileType = sourcecode.swift; path = ChildListViewController.swift; sourceTree = "<group>"; };
		BCF5760D2605A83000281B2C /* StartTime.swift */ = {isa = PBXFileReference; lastKnownFileType = sourcecode.swift; path = StartTime.swift; sourceTree = "<group>"; };
		BCF66988260C2E6200B972DE /* LoadingHUD.swift */ = {isa = PBXFileReference; lastKnownFileType = sourcecode.swift; path = LoadingHUD.swift; sourceTree = "<group>"; };
		BCF6698C260C8B4700B972DE /* CustomLayerView.swift */ = {isa = PBXFileReference; lastKnownFileType = sourcecode.swift; path = CustomLayerView.swift; sourceTree = "<group>"; };
		BCFC867D264C1E4100DE0AFA /* SwiftListWidgetExtension.appex */ = {isa = PBXFileReference; explicitFileType = "wrapper.app-extension"; includeInIndex = 0; path = SwiftListWidgetExtension.appex; sourceTree = BUILT_PRODUCTS_DIR; };
		BCFC867E264C1E4100DE0AFA /* WidgetKit.framework */ = {isa = PBXFileReference; lastKnownFileType = wrapper.framework; name = WidgetKit.framework; path = System/Library/Frameworks/WidgetKit.framework; sourceTree = SDKROOT; };
		BCFC8680264C1E4100DE0AFA /* SwiftUI.framework */ = {isa = PBXFileReference; lastKnownFileType = wrapper.framework; name = SwiftUI.framework; path = System/Library/Frameworks/SwiftUI.framework; sourceTree = SDKROOT; };
		BCFC8683264C1E4100DE0AFA /* SwiftListWidget.swift */ = {isa = PBXFileReference; lastKnownFileType = sourcecode.swift; path = SwiftListWidget.swift; sourceTree = "<group>"; };
		BCFC8685264C1E4200DE0AFA /* Assets.xcassets */ = {isa = PBXFileReference; lastKnownFileType = folder.assetcatalog; path = Assets.xcassets; sourceTree = "<group>"; };
		BCFC8687264C1E4200DE0AFA /* Info.plist */ = {isa = PBXFileReference; lastKnownFileType = text.plist.xml; path = Info.plist; sourceTree = "<group>"; };
		C4752B46872995B4072C5562 /* Pods-SwiftList.debug.xcconfig */ = {isa = PBXFileReference; includeInIndex = 1; lastKnownFileType = text.xcconfig; name = "Pods-SwiftList.debug.xcconfig"; path = "Target Support Files/Pods-SwiftList/Pods-SwiftList.debug.xcconfig"; sourceTree = "<group>"; };
		CAD0A6F23B8B31ED14020E76 /* Pods_SwiftList.framework */ = {isa = PBXFileReference; explicitFileType = wrapper.framework; includeInIndex = 0; path = Pods_SwiftList.framework; sourceTree = BUILT_PRODUCTS_DIR; };
/* End PBXFileReference section */

/* Begin PBXFrameworksBuildPhase section */
		BCF5758725F661D100281B2C /* Frameworks */ = {
			isa = PBXFrameworksBuildPhase;
			buildActionMask = 2147483647;
			files = (
				BCD76E022637DEFC00D8272D /* Pods_SwiftList.framework in Frameworks */,
			);
			runOnlyForDeploymentPostprocessing = 0;
		};
		BCFC867A264C1E4100DE0AFA /* Frameworks */ = {
			isa = PBXFrameworksBuildPhase;
			buildActionMask = 2147483647;
			files = (
				BCFC8681264C1E4100DE0AFA /* SwiftUI.framework in Frameworks */,
				BCFC867F264C1E4100DE0AFA /* WidgetKit.framework in Frameworks */,
			);
			runOnlyForDeploymentPostprocessing = 0;
		};
/* End PBXFrameworksBuildPhase section */

/* Begin PBXGroup section */
		1A08D7F93BF349541DD1BD5B /* Frameworks */ = {
			isa = PBXGroup;
			children = (
				CAD0A6F23B8B31ED14020E76 /* Pods_SwiftList.framework */,
				BCFC867E264C1E4100DE0AFA /* WidgetKit.framework */,
				BCFC8680264C1E4100DE0AFA /* SwiftUI.framework */,
			);
			name = Frameworks;
			sourceTree = "<group>";
		};
		BC44F1DA2643BBB500A10DC5 /* Notification */ = {
			isa = PBXGroup;
			children = (
				BC44F1DB2643C01B00A10DC5 /* NotificationManager.swift */,
			);
			path = Notification;
			sourceTree = "<group>";
		};
		BC44F1DF2643CBD600A10DC5 /* Extensions */ = {
			isa = PBXGroup;
			children = (
				BC44F1E02643CCB800A10DC5 /* UIApplication+TopViewController.swift */,
			);
			path = Extensions;
			sourceTree = "<group>";
		};
		BC46F3382609CF87002D1C69 /* Rx */ = {
			isa = PBXGroup;
			children = (
				BC46F33A2609D34D002D1C69 /* TestRx.swift */,
				BC46F3402609EC8F002D1C69 /* UILabel+Rx.swift */,
			);
			path = Rx;
			sourceTree = "<group>";
		};
		BC687DC026087DCE004E31E1 /* NetRequest */ = {
			isa = PBXGroup;
			children = (
				BC687DC126087DED004E31E1 /* MyService.swift */,
				BC687DCC2608A1DE004E31E1 /* RxRequest.swift */,
			);
			path = NetRequest;
			sourceTree = "<group>";
		};
		BCD76E0D2637E2A000D8272D /* GCD */ = {
			isa = PBXGroup;
			children = (
				BCD76E0E2637EB1900D8272D /* GCDExample.swift */,
			);
			path = GCD;
			sourceTree = "<group>";
		};
		BCE4C63826451F3D00DF511D /* Load+Initializers */ = {
			isa = PBXGroup;
			children = (
				BCE4C63926451FED00DF511D /* Person.swift */,
			);
			path = "Load+Initializers";
			sourceTree = "<group>";
		};
		BCF5758125F661D100281B2C = {
			isa = PBXGroup;
			children = (
				BCF5758C25F661D100281B2C /* SwiftList */,
				BCFC8682264C1E4100DE0AFA /* SwiftListWidget */,
				BCF5758B25F661D100281B2C /* Products */,
				D963D0A6A831CA18DE8123F1 /* Pods */,
				1A08D7F93BF349541DD1BD5B /* Frameworks */,
			);
			sourceTree = "<group>";
		};
		BCF5758B25F661D100281B2C /* Products */ = {
			isa = PBXGroup;
			children = (
				BCF5758A25F661D100281B2C /* SwiftList.app */,
				BCFC867D264C1E4100DE0AFA /* SwiftListWidgetExtension.appex */,
			);
			name = Products;
			sourceTree = "<group>";
		};
		BCF5758C25F661D100281B2C /* SwiftList */ = {
			isa = PBXGroup;
			children = (
				BCE4C63826451F3D00DF511D /* Load+Initializers */,
				BC44F1DF2643CBD600A10DC5 /* Extensions */,
				BC44F1DA2643BBB500A10DC5 /* Notification */,
				BCD76E0D2637E2A000D8272D /* GCD */,
				BCF66987260C2E3400B972DE /* LoadingHUD */,
				BC46F3382609CF87002D1C69 /* Rx */,
				BC687DC026087DCE004E31E1 /* NetRequest */,
				BCF5760C2605A7D100281B2C /* StartMonitor */,
				BCF575B425F7A86000281B2C /* Models */,
				BCF575B025F7A7F400281B2C /* Mock */,
				BCF575A225F6624000281B2C /* ViewControllers */,
				BCF5758D25F661D100281B2C /* AppDelegate.swift */,
				BCF5758F25F661D100281B2C /* SceneDelegate.swift */,
				BCF5759125F661D100281B2C /* ViewController.swift */,
				BCF5759325F661D100281B2C /* Main.storyboard */,
				BCF5759625F661D200281B2C /* Assets.xcassets */,
				BCF5759825F661D200281B2C /* LaunchScreen.storyboard */,
				BCF5759B25F661D200281B2C /* Info.plist */,
			);
			path = SwiftList;
			sourceTree = "<group>";
		};
		BCF575A225F6624000281B2C /* ViewControllers */ = {
			isa = PBXGroup;
			children = (
				BCF575A325F6650E00281B2C /* HomeTableViewController.swift */,
				BCF575A725F66A0D00281B2C /* SoftViewController.swift */,
				BCF575AD25F7A7E500281B2C /* DiffableDataSourceViewController.swift */,
				BCF575AA25F6721F00281B2C /* BaseViewController.swift */,
				BCF5760626039B2A00281B2C /* StickyHeaderViewController.swift */,
				BCF576092603AF4E00281B2C /* ChildListViewController.swift */,
				BC687DC52608828E004E31E1 /* ZhiHuLatestViewController.swift */,
				BC46F33D2609D9F3002D1C69 /* RxContentViewController.swift */,
				BCD76DFF2637DE3100D8272D /* CheckViewController.swift */,
				BC44F1DD2643C8FC00A10DC5 /* PrivacyViewController.swift */,
			);
			path = ViewControllers;
			sourceTree = "<group>";
		};
		BCF575B025F7A7F400281B2C /* Mock */ = {
			isa = PBXGroup;
			children = (
				BCF575B125F7A81200281B2C /* sift.json */,
			);
			path = Mock;
			sourceTree = "<group>";
		};
		BCF575B425F7A86000281B2C /* Models */ = {
			isa = PBXGroup;
			children = (
				BCF575B525F7A8D800281B2C /* SiftModel.swift */,
				BC687DC826088842004E31E1 /* Story.swift */,
			);
			path = Models;
			sourceTree = "<group>";
		};
		BCF5760C2605A7D100281B2C /* StartMonitor */ = {
			isa = PBXGroup;
			children = (
				BCF5760D2605A83000281B2C /* StartTime.swift */,
				BC46F3352609C7D2002D1C69 /* StartActions.swift */,
			);
			path = StartMonitor;
			sourceTree = "<group>";
		};
		BCF66987260C2E3400B972DE /* LoadingHUD */ = {
			isa = PBXGroup;
			children = (
				BCF66988260C2E6200B972DE /* LoadingHUD.swift */,
				BCF6698C260C8B4700B972DE /* CustomLayerView.swift */,
			);
			path = LoadingHUD;
			sourceTree = "<group>";
		};
		BCFC8682264C1E4100DE0AFA /* SwiftListWidget */ = {
			isa = PBXGroup;
			children = (
				BCFC8683264C1E4100DE0AFA /* SwiftListWidget.swift */,
				BCE1660B26706FE700140125 /* MediumWidgetView.swift */,
				BCE1660E2670948800140125 /* LinkItem.swift */,
				BCFC8685264C1E4200DE0AFA /* Assets.xcassets */,
				BCFC8687264C1E4200DE0AFA /* Info.plist */,
			);
			path = SwiftListWidget;
			sourceTree = "<group>";
		};
		D963D0A6A831CA18DE8123F1 /* Pods */ = {
			isa = PBXGroup;
			children = (
				C4752B46872995B4072C5562 /* Pods-SwiftList.debug.xcconfig */,
				0F823A9D9380856DCDA6AB2A /* Pods-SwiftList.release.xcconfig */,
			);
			path = Pods;
			sourceTree = "<group>";
		};
/* End PBXGroup section */

/* Begin PBXNativeTarget section */
		BCF5758925F661D100281B2C /* SwiftList */ = {
			isa = PBXNativeTarget;
			buildConfigurationList = BCF5759E25F661D200281B2C /* Build configuration list for PBXNativeTarget "SwiftList" */;
			buildPhases = (
				972BEF16407F7BB1EC59D309 /* [CP] Check Pods Manifest.lock */,
				12344D751ABCDEEBBFC7B853 /* [CP] Prepare Artifacts */,
				216A9AF0A71A63FC9492DE5A /* [CP-User] Run Flutter Build swiftlist_flutter Script */,
				BCF5758625F661D100281B2C /* Sources */,
				BCF5758725F661D100281B2C /* Frameworks */,
				BCF5758825F661D100281B2C /* Resources */,
				A58651830CA41978962047DE /* [CP] Embed Pods Frameworks */,
				BCFC868B264C1E4200DE0AFA /* Embed App Extensions */,
			);
			buildRules = (
			);
			dependencies = (
				BCFC8689264C1E4200DE0AFA /* PBXTargetDependency */,
			);
			name = SwiftList;
			productName = SwiftList;
			productReference = BCF5758A25F661D100281B2C /* SwiftList.app */;
			productType = "com.apple.product-type.application";
		};
		BCFC867C264C1E4100DE0AFA /* SwiftListWidgetExtension */ = {
			isa = PBXNativeTarget;
			buildConfigurationList = BCFC868E264C1E4200DE0AFA /* Build configuration list for PBXNativeTarget "SwiftListWidgetExtension" */;
			buildPhases = (
				BCFC8679264C1E4100DE0AFA /* Sources */,
				BCFC867A264C1E4100DE0AFA /* Frameworks */,
				BCFC867B264C1E4100DE0AFA /* Resources */,
			);
			buildRules = (
			);
			dependencies = (
			);
			name = SwiftListWidgetExtension;
			productName = SwiftListWidgetExtension;
			productReference = BCFC867D264C1E4100DE0AFA /* SwiftListWidgetExtension.appex */;
			productType = "com.apple.product-type.app-extension";
		};
/* End PBXNativeTarget section */

/* Begin PBXProject section */
		BCF5758225F661D100281B2C /* Project object */ = {
			isa = PBXProject;
			attributes = {
				LastSwiftUpdateCheck = 1250;
				LastUpgradeCheck = 1240;
				TargetAttributes = {
					BCF5758925F661D100281B2C = {
						CreatedOnToolsVersion = 12.4;
					};
					BCFC867C264C1E4100DE0AFA = {
						CreatedOnToolsVersion = 12.5;
					};
				};
			};
			buildConfigurationList = BCF5758525F661D100281B2C /* Build configuration list for PBXProject "SwiftList" */;
			compatibilityVersion = "Xcode 9.3";
			developmentRegion = en;
			hasScannedForEncodings = 0;
			knownRegions = (
				en,
				Base,
			);
			mainGroup = BCF5758125F661D100281B2C;
			productRefGroup = BCF5758B25F661D100281B2C /* Products */;
			projectDirPath = "";
			projectRoot = "";
			targets = (
				BCF5758925F661D100281B2C /* SwiftList */,
				BCFC867C264C1E4100DE0AFA /* SwiftListWidgetExtension */,
			);
		};
/* End PBXProject section */

/* Begin PBXResourcesBuildPhase section */
		BCF5758825F661D100281B2C /* Resources */ = {
			isa = PBXResourcesBuildPhase;
			buildActionMask = 2147483647;
			files = (
				BCF5759A25F661D200281B2C /* LaunchScreen.storyboard in Resources */,
				BCF5759725F661D200281B2C /* Assets.xcassets in Resources */,
				BCF5759525F661D100281B2C /* Main.storyboard in Resources */,
				BCF575B225F7A81200281B2C /* sift.json in Resources */,
			);
			runOnlyForDeploymentPostprocessing = 0;
		};
		BCFC867B264C1E4100DE0AFA /* Resources */ = {
			isa = PBXResourcesBuildPhase;
			buildActionMask = 2147483647;
			files = (
				BCFC8686264C1E4200DE0AFA /* Assets.xcassets in Resources */,
			);
			runOnlyForDeploymentPostprocessing = 0;
		};
/* End PBXResourcesBuildPhase section */

/* Begin PBXShellScriptBuildPhase section */
		12344D751ABCDEEBBFC7B853 /* [CP] Prepare Artifacts */ = {
			isa = PBXShellScriptBuildPhase;
			buildActionMask = 2147483647;
			files = (
			);
			inputFileListPaths = (
				"${PODS_ROOT}/Target Support Files/Pods-SwiftList/Pods-SwiftList-artifacts-${CONFIGURATION}-input-files.xcfilelist",
			);
			name = "[CP] Prepare Artifacts";
			outputFileListPaths = (
				"${PODS_ROOT}/Target Support Files/Pods-SwiftList/Pods-SwiftList-artifacts-${CONFIGURATION}-output-files.xcfilelist",
			);
			runOnlyForDeploymentPostprocessing = 0;
			shellPath = /bin/sh;
			shellScript = "\"${PODS_ROOT}/Target Support Files/Pods-SwiftList/Pods-SwiftList-artifacts.sh\"\n";
			showEnvVarsInLog = 0;
		};
		216A9AF0A71A63FC9492DE5A /* [CP-User] Run Flutter Build swiftlist_flutter Script */ = {
			isa = PBXShellScriptBuildPhase;
			buildActionMask = 2147483647;
			files = (
			);
			name = "[CP-User] Run Flutter Build swiftlist_flutter Script";
			runOnlyForDeploymentPostprocessing = 0;
			shellPath = /bin/sh;
			shellScript = "set -e\nset -u\nsource \"${SRCROOT}/../swiftlist_flutter/.ios/Flutter/flutter_export_environment.sh\"\nexport VERBOSE_SCRIPT_LOGGING=1 && \"$FLUTTER_ROOT\"/packages/flutter_tools/bin/xcode_backend.sh build";
		};
		972BEF16407F7BB1EC59D309 /* [CP] Check Pods Manifest.lock */ = {
			isa = PBXShellScriptBuildPhase;
			buildActionMask = 2147483647;
			files = (
			);
			inputFileListPaths = (
			);
			inputPaths = (
				"${PODS_PODFILE_DIR_PATH}/Podfile.lock",
				"${PODS_ROOT}/Manifest.lock",
			);
			name = "[CP] Check Pods Manifest.lock";
			outputFileListPaths = (
			);
			outputPaths = (
				"$(DERIVED_FILE_DIR)/Pods-SwiftList-checkManifestLockResult.txt",
			);
			runOnlyForDeploymentPostprocessing = 0;
			shellPath = /bin/sh;
			shellScript = "diff \"${PODS_PODFILE_DIR_PATH}/Podfile.lock\" \"${PODS_ROOT}/Manifest.lock\" > /dev/null\nif [ $? != 0 ] ; then\n    # print error to STDERR\n    echo \"error: The sandbox is not in sync with the Podfile.lock. Run 'pod install' or update your CocoaPods installation.\" >&2\n    exit 1\nfi\n# This output is used by Xcode 'outputs' to avoid re-running this script phase.\necho \"SUCCESS\" > \"${SCRIPT_OUTPUT_FILE_0}\"\n";
			showEnvVarsInLog = 0;
		};
		A58651830CA41978962047DE /* [CP] Embed Pods Frameworks */ = {
			isa = PBXShellScriptBuildPhase;
			buildActionMask = 2147483647;
			files = (
			);
			inputFileListPaths = (
				"${PODS_ROOT}/Target Support Files/Pods-SwiftList/Pods-SwiftList-frameworks-${CONFIGURATION}-input-files.xcfilelist",
			);
			name = "[CP] Embed Pods Frameworks";
			outputFileListPaths = (
				"${PODS_ROOT}/Target Support Files/Pods-SwiftList/Pods-SwiftList-frameworks-${CONFIGURATION}-output-files.xcfilelist",
			);
			runOnlyForDeploymentPostprocessing = 0;
			shellPath = /bin/sh;
			shellScript = "\"${PODS_ROOT}/Target Support Files/Pods-SwiftList/Pods-SwiftList-frameworks.sh\"\n";
			showEnvVarsInLog = 0;
		};
/* End PBXShellScriptBuildPhase section */

/* Begin PBXSourcesBuildPhase section */
		BCF5758625F661D100281B2C /* Sources */ = {
			isa = PBXSourcesBuildPhase;
			buildActionMask = 2147483647;
			files = (
				BCF575A425F6650E00281B2C /* HomeTableViewController.swift in Sources */,
				BCF5760A2603AF4E00281B2C /* ChildListViewController.swift in Sources */,
				BC687DC62608828E004E31E1 /* ZhiHuLatestViewController.swift in Sources */,
				BCF575B625F7A8D800281B2C /* SiftModel.swift in Sources */,
				BC46F3412609EC8F002D1C69 /* UILabel+Rx.swift in Sources */,
				BCF5759225F661D100281B2C /* ViewController.swift in Sources */,
				BC44F1DC2643C01B00A10DC5 /* NotificationManager.swift in Sources */,
				BC687DCD2608A1DE004E31E1 /* RxRequest.swift in Sources */,
				BCF575AE25F7A7E500281B2C /* DiffableDataSourceViewController.swift in Sources */,
				BCF5760E2605A83000281B2C /* StartTime.swift in Sources */,
				BC687DC926088842004E31E1 /* Story.swift in Sources */,
				BCF575A825F66A0D00281B2C /* SoftViewController.swift in Sources */,
				BCF5758E25F661D100281B2C /* AppDelegate.swift in Sources */,
				BC46F33B2609D34D002D1C69 /* TestRx.swift in Sources */,
				BC46F33E2609D9F3002D1C69 /* RxContentViewController.swift in Sources */,
				BCE4C63A26451FED00DF511D /* Person.swift in Sources */,
				BCF66989260C2E6200B972DE /* LoadingHUD.swift in Sources */,
				BCF5760726039B2A00281B2C /* StickyHeaderViewController.swift in Sources */,
				BC44F1E12643CCB800A10DC5 /* UIApplication+TopViewController.swift in Sources */,
				BC44F1DE2643C8FC00A10DC5 /* PrivacyViewController.swift in Sources */,
				BC46F3362609C7D2002D1C69 /* StartActions.swift in Sources */,
				BC687DC226087DED004E31E1 /* MyService.swift in Sources */,
				BCD76E0F2637EB1900D8272D /* GCDExample.swift in Sources */,
				BCF6698D260C8B4700B972DE /* CustomLayerView.swift in Sources */,
				BCF5759025F661D100281B2C /* SceneDelegate.swift in Sources */,
				BCF575AB25F6721F00281B2C /* BaseViewController.swift in Sources */,
				BCD76E002637DE3100D8272D /* CheckViewController.swift in Sources */,
			);
			runOnlyForDeploymentPostprocessing = 0;
		};
		BCFC8679264C1E4100DE0AFA /* Sources */ = {
			isa = PBXSourcesBuildPhase;
			buildActionMask = 2147483647;
			files = (
				BCE1660F2670948800140125 /* LinkItem.swift in Sources */,
				BCFC8684264C1E4100DE0AFA /* SwiftListWidget.swift in Sources */,
				BCE1660D2670703B00140125 /* MediumWidgetView.swift in Sources */,
			);
			runOnlyForDeploymentPostprocessing = 0;
		};
/* End PBXSourcesBuildPhase section */

/* Begin PBXTargetDependency section */
		BCFC8689264C1E4200DE0AFA /* PBXTargetDependency */ = {
			isa = PBXTargetDependency;
			target = BCFC867C264C1E4100DE0AFA /* SwiftListWidgetExtension */;
			targetProxy = BCFC8688264C1E4200DE0AFA /* PBXContainerItemProxy */;
		};
/* End PBXTargetDependency section */

/* Begin PBXVariantGroup section */
		BCF5759325F661D100281B2C /* Main.storyboard */ = {
			isa = PBXVariantGroup;
			children = (
				BCF5759425F661D100281B2C /* Base */,
			);
			name = Main.storyboard;
			sourceTree = "<group>";
		};
		BCF5759825F661D200281B2C /* LaunchScreen.storyboard */ = {
			isa = PBXVariantGroup;
			children = (
				BCF5759925F661D200281B2C /* Base */,
			);
			name = LaunchScreen.storyboard;
			sourceTree = "<group>";
		};
/* End PBXVariantGroup section */

/* Begin XCBuildConfiguration section */
		BCF5759C25F661D200281B2C /* Debug */ = {
			isa = XCBuildConfiguration;
			buildSettings = {
				ALWAYS_SEARCH_USER_PATHS = NO;
				CLANG_ANALYZER_NONNULL = YES;
				CLANG_ANALYZER_NUMBER_OBJECT_CONVERSION = YES_AGGRESSIVE;
				CLANG_CXX_LANGUAGE_STANDARD = "gnu++14";
				CLANG_CXX_LIBRARY = "libc++";
				CLANG_ENABLE_MODULES = YES;
				CLANG_ENABLE_OBJC_ARC = YES;
				CLANG_ENABLE_OBJC_WEAK = YES;
				CLANG_WARN_BLOCK_CAPTURE_AUTORELEASING = YES;
				CLANG_WARN_BOOL_CONVERSION = YES;
				CLANG_WARN_COMMA = YES;
				CLANG_WARN_CONSTANT_CONVERSION = YES;
				CLANG_WARN_DEPRECATED_OBJC_IMPLEMENTATIONS = YES;
				CLANG_WARN_DIRECT_OBJC_ISA_USAGE = YES_ERROR;
				CLANG_WARN_DOCUMENTATION_COMMENTS = YES;
				CLANG_WARN_EMPTY_BODY = YES;
				CLANG_WARN_ENUM_CONVERSION = YES;
				CLANG_WARN_INFINITE_RECURSION = YES;
				CLANG_WARN_INT_CONVERSION = YES;
				CLANG_WARN_NON_LITERAL_NULL_CONVERSION = YES;
				CLANG_WARN_OBJC_IMPLICIT_RETAIN_SELF = YES;
				CLANG_WARN_OBJC_LITERAL_CONVERSION = YES;
				CLANG_WARN_OBJC_ROOT_CLASS = YES_ERROR;
				CLANG_WARN_QUOTED_INCLUDE_IN_FRAMEWORK_HEADER = YES;
				CLANG_WARN_RANGE_LOOP_ANALYSIS = YES;
				CLANG_WARN_STRICT_PROTOTYPES = YES;
				CLANG_WARN_SUSPICIOUS_MOVE = YES;
				CLANG_WARN_UNGUARDED_AVAILABILITY = YES_AGGRESSIVE;
				CLANG_WARN_UNREACHABLE_CODE = YES;
				CLANG_WARN__DUPLICATE_METHOD_MATCH = YES;
				COPY_PHASE_STRIP = NO;
				DEBUG_INFORMATION_FORMAT = dwarf;
				ENABLE_STRICT_OBJC_MSGSEND = YES;
				ENABLE_TESTABILITY = YES;
				GCC_C_LANGUAGE_STANDARD = gnu11;
				GCC_DYNAMIC_NO_PIC = NO;
				GCC_NO_COMMON_BLOCKS = YES;
				GCC_OPTIMIZATION_LEVEL = 0;
				GCC_PREPROCESSOR_DEFINITIONS = (
					"DEBUG=1",
					"$(inherited)",
				);
				GCC_WARN_64_TO_32_BIT_CONVERSION = YES;
				GCC_WARN_ABOUT_RETURN_TYPE = YES_ERROR;
				GCC_WARN_UNDECLARED_SELECTOR = YES;
				GCC_WARN_UNINITIALIZED_AUTOS = YES_AGGRESSIVE;
				GCC_WARN_UNUSED_FUNCTION = YES;
				GCC_WARN_UNUSED_VARIABLE = YES;
				IPHONEOS_DEPLOYMENT_TARGET = 14.4;
				MTL_ENABLE_DEBUG_INFO = INCLUDE_SOURCE;
				MTL_FAST_MATH = YES;
				ONLY_ACTIVE_ARCH = YES;
				SDKROOT = iphoneos;
				SWIFT_ACTIVE_COMPILATION_CONDITIONS = DEBUG;
				SWIFT_OPTIMIZATION_LEVEL = "-Onone";
			};
			name = Debug;
		};
		BCF5759D25F661D200281B2C /* Release */ = {
			isa = XCBuildConfiguration;
			buildSettings = {
				ALWAYS_SEARCH_USER_PATHS = NO;
				CLANG_ANALYZER_NONNULL = YES;
				CLANG_ANALYZER_NUMBER_OBJECT_CONVERSION = YES_AGGRESSIVE;
				CLANG_CXX_LANGUAGE_STANDARD = "gnu++14";
				CLANG_CXX_LIBRARY = "libc++";
				CLANG_ENABLE_MODULES = YES;
				CLANG_ENABLE_OBJC_ARC = YES;
				CLANG_ENABLE_OBJC_WEAK = YES;
				CLANG_WARN_BLOCK_CAPTURE_AUTORELEASING = YES;
				CLANG_WARN_BOOL_CONVERSION = YES;
				CLANG_WARN_COMMA = YES;
				CLANG_WARN_CONSTANT_CONVERSION = YES;
				CLANG_WARN_DEPRECATED_OBJC_IMPLEMENTATIONS = YES;
				CLANG_WARN_DIRECT_OBJC_ISA_USAGE = YES_ERROR;
				CLANG_WARN_DOCUMENTATION_COMMENTS = YES;
				CLANG_WARN_EMPTY_BODY = YES;
				CLANG_WARN_ENUM_CONVERSION = YES;
				CLANG_WARN_INFINITE_RECURSION = YES;
				CLANG_WARN_INT_CONVERSION = YES;
				CLANG_WARN_NON_LITERAL_NULL_CONVERSION = YES;
				CLANG_WARN_OBJC_IMPLICIT_RETAIN_SELF = YES;
				CLANG_WARN_OBJC_LITERAL_CONVERSION = YES;
				CLANG_WARN_OBJC_ROOT_CLASS = YES_ERROR;
				CLANG_WARN_QUOTED_INCLUDE_IN_FRAMEWORK_HEADER = YES;
				CLANG_WARN_RANGE_LOOP_ANALYSIS = YES;
				CLANG_WARN_STRICT_PROTOTYPES = YES;
				CLANG_WARN_SUSPICIOUS_MOVE = YES;
				CLANG_WARN_UNGUARDED_AVAILABILITY = YES_AGGRESSIVE;
				CLANG_WARN_UNREACHABLE_CODE = YES;
				CLANG_WARN__DUPLICATE_METHOD_MATCH = YES;
				COPY_PHASE_STRIP = NO;
				DEBUG_INFORMATION_FORMAT = "dwarf-with-dsym";
				ENABLE_NS_ASSERTIONS = NO;
				ENABLE_STRICT_OBJC_MSGSEND = YES;
				GCC_C_LANGUAGE_STANDARD = gnu11;
				GCC_NO_COMMON_BLOCKS = YES;
				GCC_WARN_64_TO_32_BIT_CONVERSION = YES;
				GCC_WARN_ABOUT_RETURN_TYPE = YES_ERROR;
				GCC_WARN_UNDECLARED_SELECTOR = YES;
				GCC_WARN_UNINITIALIZED_AUTOS = YES_AGGRESSIVE;
				GCC_WARN_UNUSED_FUNCTION = YES;
				GCC_WARN_UNUSED_VARIABLE = YES;
				IPHONEOS_DEPLOYMENT_TARGET = 14.4;
				MTL_ENABLE_DEBUG_INFO = NO;
				MTL_FAST_MATH = YES;
				SDKROOT = iphoneos;
				SWIFT_COMPILATION_MODE = wholemodule;
				SWIFT_OPTIMIZATION_LEVEL = "-O";
				VALIDATE_PRODUCT = YES;
			};
			name = Release;
		};
		BCF5759F25F661D200281B2C /* Debug */ = {
			isa = XCBuildConfiguration;
			baseConfigurationReference = C4752B46872995B4072C5562 /* Pods-SwiftList.debug.xcconfig */;
			buildSettings = {
				ALWAYS_EMBED_SWIFT_STANDARD_LIBRARIES = YES;
				ARCHS = (
					"$(ARCHS_STANDARD)",
					x86_64,
				);
				ASSETCATALOG_COMPILER_APPICON_NAME = AppIcon;
				ASSETCATALOG_COMPILER_GLOBAL_ACCENT_COLOR_NAME = AccentColor;
				CODE_SIGN_IDENTITY = "Apple Development";
				CODE_SIGN_STYLE = Automatic;
				DEBUG_INFORMATION_FORMAT = "dwarf-with-dsym";
				DEVELOPMENT_TEAM = YW25G7UN2Y;
				"EXCLUDED_ARCHS[sdk=iphonesimulator*]" = arm64;
				INFOPLIST_FILE = SwiftList/Info.plist;
				LD_GENERATE_MAP_FILE = YES;
				LD_RUNPATH_SEARCH_PATHS = (
					"$(inherited)",
					"@executable_path/Frameworks",
				);
				PRODUCT_BUNDLE_IDENTIFIER = com.lingjie.swift;
				PRODUCT_NAME = "$(TARGET_NAME)";
				PROVISIONING_PROFILE_SPECIFIER = "";
				SWIFT_VERSION = 5.0;
				TARGETED_DEVICE_FAMILY = "1,2";
			};
			name = Debug;
		};
		BCF575A025F661D200281B2C /* Release */ = {
			isa = XCBuildConfiguration;
			baseConfigurationReference = 0F823A9D9380856DCDA6AB2A /* Pods-SwiftList.release.xcconfig */;
			buildSettings = {
				ALWAYS_EMBED_SWIFT_STANDARD_LIBRARIES = YES;
				ARCHS = (
					"$(ARCHS_STANDARD)",
					x86_64,
				);
				ASSETCATALOG_COMPILER_APPICON_NAME = AppIcon;
				ASSETCATALOG_COMPILER_GLOBAL_ACCENT_COLOR_NAME = AccentColor;
				CODE_SIGN_IDENTITY = "Apple Development";
				CODE_SIGN_STYLE = Automatic;
				DEVELOPMENT_TEAM = YW25G7UN2Y;
				INFOPLIST_FILE = SwiftList/Info.plist;
				LD_GENERATE_MAP_FILE = YES;
				LD_RUNPATH_SEARCH_PATHS = (
					"$(inherited)",
					"@executable_path/Frameworks",
				);
				PRODUCT_BUNDLE_IDENTIFIER = com.lingjie.swift;
				PRODUCT_NAME = "$(TARGET_NAME)";
				PROVISIONING_PROFILE_SPECIFIER = "";
				SWIFT_VERSION = 5.0;
				TARGETED_DEVICE_FAMILY = "1,2";
			};
			name = Release;
		};
		BCFC868C264C1E4200DE0AFA /* Debug */ = {
			isa = XCBuildConfiguration;
			buildSettings = {
				ASSETCATALOG_COMPILER_GLOBAL_ACCENT_COLOR_NAME = AccentColor;
				ASSETCATALOG_COMPILER_WIDGET_BACKGROUND_COLOR_NAME = WidgetBackground;
				CODE_SIGN_IDENTITY = "Apple Development";
				CODE_SIGN_STYLE = Automatic;
				DEVELOPMENT_TEAM = YW25G7UN2Y;
				INFOPLIST_FILE = SwiftListWidget/Info.plist;
				IPHONEOS_DEPLOYMENT_TARGET = 14.5;
				LD_RUNPATH_SEARCH_PATHS = (
					"$(inherited)",
					"@executable_path/Frameworks",
					"@executable_path/../../Frameworks",
				);
				PRODUCT_BUNDLE_IDENTIFIER = com.lingjie.swift.SwiftListWidget;
				PRODUCT_NAME = "$(TARGET_NAME)";
				SKIP_INSTALL = YES;
				SWIFT_VERSION = 5.0;
				TARGETED_DEVICE_FAMILY = "1,2";
			};
			name = Debug;
		};
		BCFC868D264C1E4200DE0AFA /* Release */ = {
			isa = XCBuildConfiguration;
			buildSettings = {
				ASSETCATALOG_COMPILER_GLOBAL_ACCENT_COLOR_NAME = AccentColor;
				ASSETCATALOG_COMPILER_WIDGET_BACKGROUND_COLOR_NAME = WidgetBackground;
				CODE_SIGN_IDENTITY = "Apple Development";
				CODE_SIGN_STYLE = Automatic;
				DEVELOPMENT_TEAM = YW25G7UN2Y;
				INFOPLIST_FILE = SwiftListWidget/Info.plist;
				IPHONEOS_DEPLOYMENT_TARGET = 14.5;
				LD_RUNPATH_SEARCH_PATHS = (
					"$(inherited)",
					"@executable_path/Frameworks",
					"@executable_path/../../Frameworks",
				);
				PRODUCT_BUNDLE_IDENTIFIER = com.lingjie.swift.SwiftListWidget;
				PRODUCT_NAME = "$(TARGET_NAME)";
				SKIP_INSTALL = YES;
				SWIFT_VERSION = 5.0;
				TARGETED_DEVICE_FAMILY = "1,2";
			};
			name = Release;
		};
/* End XCBuildConfiguration section */

/* Begin XCConfigurationList section */
		BCF5758525F661D100281B2C /* Build configuration list for PBXProject "SwiftList" */ = {
			isa = XCConfigurationList;
			buildConfigurations = (
				BCF5759C25F661D200281B2C /* Debug */,
				BCF5759D25F661D200281B2C /* Release */,
			);
			defaultConfigurationIsVisible = 0;
			defaultConfigurationName = Release;
		};
		BCF5759E25F661D200281B2C /* Build configuration list for PBXNativeTarget "SwiftList" */ = {
			isa = XCConfigurationList;
			buildConfigurations = (
				BCF5759F25F661D200281B2C /* Debug */,
				BCF575A025F661D200281B2C /* Release */,
			);
			defaultConfigurationIsVisible = 0;
			defaultConfigurationName = Release;
		};
		BCFC868E264C1E4200DE0AFA /* Build configuration list for PBXNativeTarget "SwiftListWidgetExtension" */ = {
			isa = XCConfigurationList;
			buildConfigurations = (
				BCFC868C264C1E4200DE0AFA /* Debug */,
				BCFC868D264C1E4200DE0AFA /* Release */,
			);
			defaultConfigurationIsVisible = 0;
			defaultConfigurationName = Release;
		};
/* End XCConfigurationList section */
	};
	rootObject = BCF5758225F661D100281B2C /* Project object */;
}
